// !$*UTF8*$!
{
	archiveVersion = 1;
	classes = {
	};
	objectVersion = 77;
	objects = {

/* Begin PBXBuildFile section */
		4D184A662DADBCAA0084B403 /* RxSwift in Frameworks */ = {isa = PBXBuildFile; productRef = 4D184A652DADBCAA0084B403 /* RxSwift */; };
		4D184A742DADBED70084B403 /* RxCocoa in Frameworks */ = {isa = PBXBuildFile; productRef = 4D184A732DADBED70084B403 /* RxCocoa */; };
		4D184AD52DAFD67E0084B403 /* PortfolioResponse.swift in Sources */ = {isa = PBXBuildFile; fileRef = 4D184AC12DAFD67E0084B403 /* PortfolioResponse.swift */; };
		4D184AD62DAFD67E0084B403 /* NetworkManager.swift in Sources */ = {isa = PBXBuildFile; fileRef = 4D184AC32DAFD67E0084B403 /* NetworkManager.swift */; };
		4D184AD72DAFD67E0084B403 /* RxNetworkManager.swift in Sources */ = {isa = PBXBuildFile; fileRef = 4D184AC42DAFD67E0084B403 /* RxNetworkManager.swift */; };
		4D184AD82DAFD67E0084B403 /* PortfolioService.swift in Sources */ = {isa = PBXBuildFile; fileRef = 4D184ACE2DAFD67E0084B403 /* PortfolioService.swift */; };
		4D184AD92DAFD67E0084B403 /* PricingSimulationService.swift in Sources */ = {isa = PBXBuildFile; fileRef = 4D184ACF2DAFD67E0084B403 /* PricingSimulationService.swift */; };
		4D184ADB2DAFD67E0084B403 /* AppDelegate.swift in Sources */ = {isa = PBXBuildFile; fileRef = 4D184AC72DAFD67E0084B403 /* AppDelegate.swift */; };
		4D184ADE2DAFD67E0084B403 /* SceneDelegate.swift in Sources */ = {isa = PBXBuildFile; fileRef = 4D184ACC2DAFD67E0084B403 /* SceneDelegate.swift */; };
		4D184ADF2DAFD67E0084B403 /* Assets.xcassets in Resources */ = {isa = PBXBuildFile; fileRef = 4D184AC82DAFD67E0084B403 /* Assets.xcassets */; };
		4D184AE02DAFD67E0084B403 /* LaunchScreen.storyboard in Resources */ = {isa = PBXBuildFile; fileRef = 4D184ACB2DAFD67E0084B403 /* LaunchScreen.storyboard */; };
		4D184AF42DAFD6A10084B403 /* PortfolioCellItem.swift in Sources */ = {isa = PBXBuildFile; fileRef = 4D184AED2DAFD6A10084B403 /* PortfolioCellItem.swift */; };
		4D184AF62DAFD6A10084B403 /* PortfolioViewModel.swift in Sources */ = {isa = PBXBuildFile; fileRef = 4D184AEF2DAFD6A10084B403 /* PortfolioViewModel.swift */; };
		4D184AF72DAFD6A10084B403 /* PortfolioViewController.swift in Sources */ = {isa = PBXBuildFile; fileRef = 4D184AEE2DAFD6A10084B403 /* PortfolioViewController.swift */; };
		4D184B0E2DAFD7210084B403 /* PositionCell.swift in Sources */ = {isa = PBXBuildFile; fileRef = 4D184B0B2DAFD7210084B403 /* PositionCell.swift */; };
		4D184B0F2DAFD7210084B403 /* PositionCellItem.swift in Sources */ = {isa = PBXBuildFile; fileRef = 4D184B0C2DAFD7210084B403 /* PositionCellItem.swift */; };
		4D184B102DAFD7210084B403 /* BalanceCellItem.swift in Sources */ = {isa = PBXBuildFile; fileRef = 4D184B092DAFD7210084B403 /* BalanceCellItem.swift */; };
		4D184B112DAFD7210084B403 /* BalanceCell.swift in Sources */ = {isa = PBXBuildFile; fileRef = 4D184B082DAFD7210084B403 /* BalanceCell.swift */; };
		4D184B272DAFE4180084B403 /* PortfolioServiceProtocol.swift in Sources */ = {isa = PBXBuildFile; fileRef = 4D184B262DAFE4100084B403 /* PortfolioServiceProtocol.swift */; };
		4DDA099A2DAFEDB700061BC8 /* RxBlocking in Frameworks */ = {isa = PBXBuildFile; productRef = 4DDA09992DAFEDB700061BC8 /* RxBlocking */; };
		4DDA099C2DAFEDB700061BC8 /* RxTest in Frameworks */ = {isa = PBXBuildFile; productRef = 4DDA099B2DAFEDB700061BC8 /* RxTest */; };
/* End PBXBuildFile section */

/* Begin PBXContainerItemProxy section */
		4DDA098D2DAFED6500061BC8 /* PBXContainerItemProxy */ = {
			isa = PBXContainerItemProxy;
			containerPortal = 4D38DA742DADB57F00888E60 /* Project object */;
			proxyType = 1;
			remoteGlobalIDString = 4D38DA7B2DADB57F00888E60;
			remoteInfo = Portfolio;
		};
/* End PBXContainerItemProxy section */

/* Begin PBXFileReference section */
		4D184AC12DAFD67E0084B403 /* PortfolioResponse.swift */ = {isa = PBXFileReference; lastKnownFileType = sourcecode.swift; path = PortfolioResponse.swift; sourceTree = "<group>"; };
		4D184AC32DAFD67E0084B403 /* NetworkManager.swift */ = {isa = PBXFileReference; lastKnownFileType = sourcecode.swift; path = NetworkManager.swift; sourceTree = "<group>"; };
		4D184AC42DAFD67E0084B403 /* RxNetworkManager.swift */ = {isa = PBXFileReference; lastKnownFileType = sourcecode.swift; path = RxNetworkManager.swift; sourceTree = "<group>"; };
		4D184AC72DAFD67E0084B403 /* AppDelegate.swift */ = {isa = PBXFileReference; lastKnownFileType = sourcecode.swift; path = AppDelegate.swift; sourceTree = "<group>"; };
		4D184AC82DAFD67E0084B403 /* Assets.xcassets */ = {isa = PBXFileReference; lastKnownFileType = folder.assetcatalog; path = Assets.xcassets; sourceTree = "<group>"; };
		4D184AC92DAFD67E0084B403 /* Info.plist */ = {isa = PBXFileReference; lastKnownFileType = text.plist.xml; path = Info.plist; sourceTree = "<group>"; };
		4D184ACA2DAFD67E0084B403 /* LaunchScreen.storyboard */ = {isa = PBXFileReference; lastKnownFileType = file.storyboard; name = LaunchScreen.storyboard; path = Base.lproj/LaunchScreen.storyboard; sourceTree = "<group>"; };
		4D184ACC2DAFD67E0084B403 /* SceneDelegate.swift */ = {isa = PBXFileReference; lastKnownFileType = sourcecode.swift; path = SceneDelegate.swift; sourceTree = "<group>"; };
		4D184ACE2DAFD67E0084B403 /* PortfolioService.swift */ = {isa = PBXFileReference; lastKnownFileType = sourcecode.swift; path = PortfolioService.swift; sourceTree = "<group>"; };
		4D184ACF2DAFD67E0084B403 /* PricingSimulationService.swift */ = {isa = PBXFileReference; lastKnownFileType = sourcecode.swift; path = PricingSimulationService.swift; sourceTree = "<group>"; };
		4D184AED2DAFD6A10084B403 /* PortfolioCellItem.swift */ = {isa = PBXFileReference; lastKnownFileType = sourcecode.swift; path = PortfolioCellItem.swift; sourceTree = "<group>"; };
		4D184AEE2DAFD6A10084B403 /* PortfolioViewController.swift */ = {isa = PBXFileReference; lastKnownFileType = sourcecode.swift; path = PortfolioViewController.swift; sourceTree = "<group>"; };
		4D184AEF2DAFD6A10084B403 /* PortfolioViewModel.swift */ = {isa = PBXFileReference; lastKnownFileType = sourcecode.swift; path = PortfolioViewModel.swift; sourceTree = "<group>"; };
		4D184B082DAFD7210084B403 /* BalanceCell.swift */ = {isa = PBXFileReference; lastKnownFileType = sourcecode.swift; path = BalanceCell.swift; sourceTree = "<group>"; };
		4D184B092DAFD7210084B403 /* BalanceCellItem.swift */ = {isa = PBXFileReference; lastKnownFileType = sourcecode.swift; path = BalanceCellItem.swift; sourceTree = "<group>"; };
		4D184B0B2DAFD7210084B403 /* PositionCell.swift */ = {isa = PBXFileReference; lastKnownFileType = sourcecode.swift; path = PositionCell.swift; sourceTree = "<group>"; };
		4D184B0C2DAFD7210084B403 /* PositionCellItem.swift */ = {isa = PBXFileReference; lastKnownFileType = sourcecode.swift; path = PositionCellItem.swift; sourceTree = "<group>"; };
		4D184B262DAFE4100084B403 /* PortfolioServiceProtocol.swift */ = {isa = PBXFileReference; lastKnownFileType = sourcecode.swift; path = PortfolioServiceProtocol.swift; sourceTree = "<group>"; };
		4D38DA7C2DADB57F00888E60 /* Portfolio.app */ = {isa = PBXFileReference; explicitFileType = wrapper.application; includeInIndex = 0; path = Portfolio.app; sourceTree = BUILT_PRODUCTS_DIR; };
		4DDA097F2DAFE97E00061BC8 /* MockPortfolioService.swift */ = {isa = PBXFileReference; lastKnownFileType = sourcecode.swift; path = MockPortfolioService.swift; sourceTree = "<group>"; };
		4DDA09802DAFE97E00061BC8 /* PortfolioViewModelTests.swift */ = {isa = PBXFileReference; lastKnownFileType = sourcecode.swift; path = PortfolioViewModelTests.swift; sourceTree = "<group>"; };
		4DDA09892DAFED6500061BC8 /* PortfolioTests.xctest */ = {isa = PBXFileReference; explicitFileType = wrapper.cfbundle; includeInIndex = 0; path = PortfolioTests.xctest; sourceTree = BUILT_PRODUCTS_DIR; };
/* End PBXFileReference section */

/* Begin PBXFileSystemSynchronizedBuildFileExceptionSet section */
		4DDF00032DAFEE2700617CBC /* Exceptions for "PortfolioTests" folder in "PortfolioTests" target */ = {
			isa = PBXFileSystemSynchronizedBuildFileExceptionSet;
			membershipExceptions = (
				Portfolio.xctestplan,
			);
			target = 4DDA09882DAFED6500061BC8 /* PortfolioTests */;
		};
/* End PBXFileSystemSynchronizedBuildFileExceptionSet section */

/* Begin PBXFileSystemSynchronizedRootGroup section */
		4DDA098A2DAFED6500061BC8 /* PortfolioTests */ = {
			isa = PBXFileSystemSynchronizedRootGroup;
			exceptions = (
				4DDF00032DAFEE2700617CBC /* Exceptions for "PortfolioTests" folder in "PortfolioTests" target */,
			);
			path = PortfolioTests;
			sourceTree = "<group>";
		};
/* End PBXFileSystemSynchronizedRootGroup section */

/* Begin PBXFrameworksBuildPhase section */
		4D38DA792DADB57F00888E60 /* Frameworks */ = {
			isa = PBXFrameworksBuildPhase;
			buildActionMask = 2147483647;
			files = (
				4D184A742DADBED70084B403 /* RxCocoa in Frameworks */,
				4D184A662DADBCAA0084B403 /* RxSwift in Frameworks */,
			);
			runOnlyForDeploymentPostprocessing = 0;
		};
		4DDA09862DAFED6500061BC8 /* Frameworks */ = {
			isa = PBXFrameworksBuildPhase;
			buildActionMask = 2147483647;
			files = (
				4DDA099C2DAFEDB700061BC8 /* RxTest in Frameworks */,
				4DDA099A2DAFEDB700061BC8 /* RxBlocking in Frameworks */,
			);
			runOnlyForDeploymentPostprocessing = 0;
		};
/* End PBXFrameworksBuildPhase section */

/* Begin PBXGroup section */
		4D184A642DADBCAA0084B403 /* Frameworks */ = {
			isa = PBXGroup;
			children = (
			);
			name = Frameworks;
			sourceTree = "<group>";
		};
		4D184AB42DAFD66C0084B403 /* Portfolio */ = {
			isa = PBXGroup;
			children = (
				4D184AC72DAFD67E0084B403 /* AppDelegate.swift */,
				4D184ACC2DAFD67E0084B403 /* SceneDelegate.swift */,
				4D184B062DAFD6F70084B403 /* Resources */,
				4D184AE52DAFD68C0084B403 /* Feature */,
				4D184B1A2DAFD7A90084B403 /* Network */,
			);
			path = Portfolio;
			sourceTree = "<group>";
		};
		4D184AE52DAFD68C0084B403 /* Feature */ = {
			isa = PBXGroup;
			children = (
				4D184AF92DAFD6AF0084B403 /* Portfolio */,
			);
			path = Feature;
			sourceTree = "<group>";
		};
		4D184AF92DAFD6AF0084B403 /* Portfolio */ = {
			isa = PBXGroup;
			children = (
				4D184B162DAFD7550084B403 /* View */,
				4D184B182DAFD7670084B403 /* ViewModel */,
				4D184B192DAFD7760084B403 /* Model */,
			);
			path = Portfolio;
			sourceTree = "<group>";
		};
		4D184B062DAFD6F70084B403 /* Resources */ = {
			isa = PBXGroup;
			children = (
				4D184AC82DAFD67E0084B403 /* Assets.xcassets */,
				4D184AC92DAFD67E0084B403 /* Info.plist */,
				4D184ACB2DAFD67E0084B403 /* LaunchScreen.storyboard */,
			);
			path = Resources;
			sourceTree = "<group>";
		};
		4D184B072DAFD7100084B403 /* Cells */ = {
			isa = PBXGroup;
			children = (
				4D184B0B2DAFD7210084B403 /* PositionCell.swift */,
				4D184B082DAFD7210084B403 /* BalanceCell.swift */,
			);
			path = Cells;
			sourceTree = "<group>";
		};
		4D184B162DAFD7550084B403 /* View */ = {
			isa = PBXGroup;
			children = (
				4D184AEE2DAFD6A10084B403 /* PortfolioViewController.swift */,
				4D184B072DAFD7100084B403 /* Cells */,
			);
			path = View;
			sourceTree = "<group>";
		};
		4D184B182DAFD7670084B403 /* ViewModel */ = {
			isa = PBXGroup;
			children = (
				4D184AEF2DAFD6A10084B403 /* PortfolioViewModel.swift */,
			);
			path = ViewModel;
			sourceTree = "<group>";
		};
		4D184B192DAFD7760084B403 /* Model */ = {
			isa = PBXGroup;
			children = (
				4D184AED2DAFD6A10084B403 /* PortfolioCellItem.swift */,
				4D184B0C2DAFD7210084B403 /* PositionCellItem.swift */,
				4D184B092DAFD7210084B403 /* BalanceCellItem.swift */,
			);
			path = Model;
			sourceTree = "<group>";
		};
		4D184B1A2DAFD7A90084B403 /* Network */ = {
			isa = PBXGroup;
			children = (
				4D184B1B2DAFD7B30084B403 /* Model */,
				4D184B1D2DAFD7BE0084B403 /* Manager */,
				4D184B1C2DAFD7B70084B403 /* Service */,
			);
			path = Network;
			sourceTree = "<group>";
		};
		4D184B1B2DAFD7B30084B403 /* Model */ = {
			isa = PBXGroup;
			children = (
				4D184AC12DAFD67E0084B403 /* PortfolioResponse.swift */,
			);
			path = Model;
			sourceTree = "<group>";
		};
		4D184B1C2DAFD7B70084B403 /* Service */ = {
			isa = PBXGroup;
			children = (
				4D184B262DAFE4100084B403 /* PortfolioServiceProtocol.swift */,
				4D184ACE2DAFD67E0084B403 /* PortfolioService.swift */,
				4D184ACF2DAFD67E0084B403 /* PricingSimulationService.swift */,
			);
			path = Service;
			sourceTree = "<group>";
		};
		4D184B1D2DAFD7BE0084B403 /* Manager */ = {
			isa = PBXGroup;
			children = (
				4D184AC32DAFD67E0084B403 /* NetworkManager.swift */,
				4D184AC42DAFD67E0084B403 /* RxNetworkManager.swift */,
			);
			path = Manager;
			sourceTree = "<group>";
		};
		4D38DA732DADB57F00888E60 = {
			isa = PBXGroup;
			children = (
				4D184AB42DAFD66C0084B403 /* Portfolio */,
				4DDA09832DAFE98500061BC8 /* PortfolioTests */,
				4DDA098A2DAFED6500061BC8 /* PortfolioTests */,
				4D184A642DADBCAA0084B403 /* Frameworks */,
				4D38DA7D2DADB57F00888E60 /* Products */,
			);
			sourceTree = "<group>";
		};
		4D38DA7D2DADB57F00888E60 /* Products */ = {
			isa = PBXGroup;
			children = (
				4D38DA7C2DADB57F00888E60 /* Portfolio.app */,
				4DDA09892DAFED6500061BC8 /* PortfolioTests.xctest */,
			);
			name = Products;
			sourceTree = "<group>";
		};
		4DDA09832DAFE98500061BC8 /* PortfolioTests */ = {
			isa = PBXGroup;
			children = (
				4DDA097F2DAFE97E00061BC8 /* MockPortfolioService.swift */,
				4DDA09802DAFE97E00061BC8 /* PortfolioViewModelTests.swift */,
			);
			path = PortfolioTests;
			sourceTree = "<group>";
		};
/* End PBXGroup section */

/* Begin PBXNativeTarget section */
		4D38DA7B2DADB57F00888E60 /* Portfolio */ = {
			isa = PBXNativeTarget;
			buildConfigurationList = 4D38DAA52DADB58000888E60 /* Build configuration list for PBXNativeTarget "Portfolio" */;
			buildPhases = (
				4D38DA782DADB57F00888E60 /* Sources */,
				4D38DA792DADB57F00888E60 /* Frameworks */,
				4D38DA7A2DADB57F00888E60 /* Resources */,
			);
			buildRules = (
			);
			dependencies = (
			);
			name = Portfolio;
			packageProductDependencies = (
				4D184A652DADBCAA0084B403 /* RxSwift */,
				4D184A732DADBED70084B403 /* RxCocoa */,
			);
			productName = Portfolio;
			productReference = 4D38DA7C2DADB57F00888E60 /* Portfolio.app */;
			productType = "com.apple.product-type.application";
		};
		4DDA09882DAFED6500061BC8 /* PortfolioTests */ = {
			isa = PBXNativeTarget;
			buildConfigurationList = 4DDA098F2DAFED6500061BC8 /* Build configuration list for PBXNativeTarget "PortfolioTests" */;
			buildPhases = (
				4DDA09852DAFED6500061BC8 /* Sources */,
				4DDA09862DAFED6500061BC8 /* Frameworks */,
				4DDA09872DAFED6500061BC8 /* Resources */,
			);
			buildRules = (
			);
			dependencies = (
				4DDA098E2DAFED6500061BC8 /* PBXTargetDependency */,
			);
			fileSystemSynchronizedGroups = (
				4DDA098A2DAFED6500061BC8 /* PortfolioTests */,
			);
			name = PortfolioTests;
			packageProductDependencies = (
				4DDA09992DAFEDB700061BC8 /* RxBlocking */,
				4DDA099B2DAFEDB700061BC8 /* RxTest */,
			);
			productName = PortfolioTests;
			productReference = 4DDA09892DAFED6500061BC8 /* PortfolioTests.xctest */;
			productType = "com.apple.product-type.bundle.unit-test";
		};
/* End PBXNativeTarget section */

/* Begin PBXProject section */
		4D38DA742DADB57F00888E60 /* Project object */ = {
			isa = PBXProject;
			attributes = {
				BuildIndependentTargetsInParallel = 1;
				LastSwiftUpdateCheck = 1610;
				LastUpgradeCheck = 1610;
				TargetAttributes = {
					4D38DA7B2DADB57F00888E60 = {
						CreatedOnToolsVersion = 16.1;
					};
					4DDA09882DAFED6500061BC8 = {
						CreatedOnToolsVersion = 16.1;
						TestTargetID = 4D38DA7B2DADB57F00888E60;
					};
				};
			};
			buildConfigurationList = 4D38DA772DADB57F00888E60 /* Build configuration list for PBXProject "Portfolio" */;
			developmentRegion = en;
			hasScannedForEncodings = 0;
			knownRegions = (
				en,
				Base,
			);
			mainGroup = 4D38DA732DADB57F00888E60;
			minimizedProjectReferenceProxies = 1;
			packageReferences = (
				4DDBB7702DADBBBF00AF2D26 /* XCRemoteSwiftPackageReference "RxSwift" */,
			);
			preferredProjectObjectVersion = 77;
			productRefGroup = 4D38DA7D2DADB57F00888E60 /* Products */;
			projectDirPath = "";
			projectRoot = "";
			targets = (
				4D38DA7B2DADB57F00888E60 /* Portfolio */,
				4DDA09882DAFED6500061BC8 /* PortfolioTests */,
			);
		};
/* End PBXProject section */

/* Begin PBXResourcesBuildPhase section */
		4D38DA7A2DADB57F00888E60 /* Resources */ = {
			isa = PBXResourcesBuildPhase;
			buildActionMask = 2147483647;
			files = (
				4D184AE02DAFD67E0084B403 /* LaunchScreen.storyboard in Resources */,
				4D184ADF2DAFD67E0084B403 /* Assets.xcassets in Resources */,
			);
			runOnlyForDeploymentPostprocessing = 0;
		};
		4DDA09872DAFED6500061BC8 /* Resources */ = {
			isa = PBXResourcesBuildPhase;
			buildActionMask = 2147483647;
			files = (
			);
			runOnlyForDeploymentPostprocessing = 0;
		};
/* End PBXResourcesBuildPhase section */

/* Begin PBXSourcesBuildPhase section */
		4D38DA782DADB57F00888E60 /* Sources */ = {
			isa = PBXSourcesBuildPhase;
			buildActionMask = 2147483647;
			files = (
				4D184AD92DAFD67E0084B403 /* PricingSimulationService.swift in Sources */,
				4D184AF42DAFD6A10084B403 /* PortfolioCellItem.swift in Sources */,
				4D184AF62DAFD6A10084B403 /* PortfolioViewModel.swift in Sources */,
				4D184B272DAFE4180084B403 /* PortfolioServiceProtocol.swift in Sources */,
				4D184B112DAFD7210084B403 /* BalanceCell.swift in Sources */,
				4D184B0E2DAFD7210084B403 /* PositionCell.swift in Sources */,
				4D184B0F2DAFD7210084B403 /* PositionCellItem.swift in Sources */,
				4D184ADE2DAFD67E0084B403 /* SceneDelegate.swift in Sources */,
				4D184ADB2DAFD67E0084B403 /* AppDelegate.swift in Sources */,
				4D184AD62DAFD67E0084B403 /* NetworkManager.swift in Sources */,
				4D184AD82DAFD67E0084B403 /* PortfolioService.swift in Sources */,
				4D184AD52DAFD67E0084B403 /* PortfolioResponse.swift in Sources */,
				4D184AD72DAFD67E0084B403 /* RxNetworkManager.swift in Sources */,
				4D184B102DAFD7210084B403 /* BalanceCellItem.swift in Sources */,
				4D184AF72DAFD6A10084B403 /* PortfolioViewController.swift in Sources */,
			);
			runOnlyForDeploymentPostprocessing = 0;
		};
		4DDA09852DAFED6500061BC8 /* Sources */ = {
			isa = PBXSourcesBuildPhase;
			buildActionMask = 2147483647;
			files = (
			);
			runOnlyForDeploymentPostprocessing = 0;
		};
/* End PBXSourcesBuildPhase section */

/* Begin PBXTargetDependency section */
		4DDA098E2DAFED6500061BC8 /* PBXTargetDependency */ = {
			isa = PBXTargetDependency;
			target = 4D38DA7B2DADB57F00888E60 /* Portfolio */;
			targetProxy = 4DDA098D2DAFED6500061BC8 /* PBXContainerItemProxy */;
		};
/* End PBXTargetDependency section */

/* Begin PBXVariantGroup section */
		4D184ACB2DAFD67E0084B403 /* LaunchScreen.storyboard */ = {
			isa = PBXVariantGroup;
			children = (
				4D184ACA2DAFD67E0084B403 /* LaunchScreen.storyboard */,
			);
			name = LaunchScreen.storyboard;
			sourceTree = "<group>";
		};
/* End PBXVariantGroup section */

/* Begin XCBuildConfiguration section */
		4D38DAA62DADB58000888E60 /* Debug */ = {
			isa = XCBuildConfiguration;
			buildSettings = {
				ASSETCATALOG_COMPILER_APPICON_NAME = AppIcon;
				ASSETCATALOG_COMPILER_GLOBAL_ACCENT_COLOR_NAME = AccentColor;
				CODE_SIGN_STYLE = Automatic;
				CURRENT_PROJECT_VERSION = 1;
				DEVELOPMENT_TEAM = 2QB89332G7;
				GENERATE_INFOPLIST_FILE = YES;
				INFOPLIST_FILE = Portfolio/Resources/Info.plist;
				INFOPLIST_KEY_UIApplicationSupportsIndirectInputEvents = YES;
				INFOPLIST_KEY_UILaunchStoryboardName = LaunchScreen;
				INFOPLIST_KEY_UIMainStoryboardFile = Main;
				INFOPLIST_KEY_UISupportedInterfaceOrientations_iPad = "UIInterfaceOrientationPortrait UIInterfaceOrientationPortraitUpsideDown UIInterfaceOrientationLandscapeLeft UIInterfaceOrientationLandscapeRight";
				INFOPLIST_KEY_UISupportedInterfaceOrientations_iPhone = "UIInterfaceOrientationPortrait UIInterfaceOrientationLandscapeLeft UIInterfaceOrientationLandscapeRight";
				IPHONEOS_DEPLOYMENT_TARGET = 13.0;
				LD_RUNPATH_SEARCH_PATHS = (
					"$(inherited)",
					"@executable_path/Frameworks",
				);
				MARKETING_VERSION = 1.0;
				PRODUCT_BUNDLE_IDENTIFIER = com.markostajic.Portfolio;
				PRODUCT_NAME = "$(TARGET_NAME)";
				SWIFT_EMIT_LOC_STRINGS = YES;
				SWIFT_VERSION = 5.0;
				TARGETED_DEVICE_FAMILY = "1,2";
			};
			name = Debug;
		};
		4D38DAA72DADB58000888E60 /* Release */ = {
			isa = XCBuildConfiguration;
			buildSettings = {
				ASSETCATALOG_COMPILER_APPICON_NAME = AppIcon;
				ASSETCATALOG_COMPILER_GLOBAL_ACCENT_COLOR_NAME = AccentColor;
				CODE_SIGN_STYLE = Automatic;
				CURRENT_PROJECT_VERSION = 1;
				DEVELOPMENT_TEAM = 2QB89332G7;
				GENERATE_INFOPLIST_FILE = YES;
				INFOPLIST_FILE = Portfolio/Resources/Info.plist;
				INFOPLIST_KEY_UIApplicationSupportsIndirectInputEvents = YES;
				INFOPLIST_KEY_UILaunchStoryboardName = LaunchScreen;
				INFOPLIST_KEY_UIMainStoryboardFile = Main;
				INFOPLIST_KEY_UISupportedInterfaceOrientations_iPad = "UIInterfaceOrientationPortrait UIInterfaceOrientationPortraitUpsideDown UIInterfaceOrientationLandscapeLeft UIInterfaceOrientationLandscapeRight";
				INFOPLIST_KEY_UISupportedInterfaceOrientations_iPhone = "UIInterfaceOrientationPortrait UIInterfaceOrientationLandscapeLeft UIInterfaceOrientationLandscapeRight";
				IPHONEOS_DEPLOYMENT_TARGET = 13.0;
				LD_RUNPATH_SEARCH_PATHS = (
					"$(inherited)",
					"@executable_path/Frameworks",
				);
				MARKETING_VERSION = 1.0;
				PRODUCT_BUNDLE_IDENTIFIER = com.markostajic.Portfolio;
				PRODUCT_NAME = "$(TARGET_NAME)";
				SWIFT_EMIT_LOC_STRINGS = YES;
				SWIFT_VERSION = 5.0;
				TARGETED_DEVICE_FAMILY = "1,2";
			};
			name = Release;
		};
		4D38DAA82DADB58000888E60 /* Debug */ = {
			isa = XCBuildConfiguration;
			buildSettings = {
				ALWAYS_SEARCH_USER_PATHS = NO;
				ASSETCATALOG_COMPILER_GENERATE_SWIFT_ASSET_SYMBOL_EXTENSIONS = YES;
				CLANG_ANALYZER_NONNULL = YES;
				CLANG_ANALYZER_NUMBER_OBJECT_CONVERSION = YES_AGGRESSIVE;
				CLANG_CXX_LANGUAGE_STANDARD = "gnu++20";
				CLANG_ENABLE_MODULES = YES;
				CLANG_ENABLE_OBJC_ARC = YES;
				CLANG_ENABLE_OBJC_WEAK = YES;
				CLANG_WARN_BLOCK_CAPTURE_AUTORELEASING = YES;
				CLANG_WARN_BOOL_CONVERSION = YES;
				CLANG_WARN_COMMA = YES;
				CLANG_WARN_CONSTANT_CONVERSION = YES;
				CLANG_WARN_DEPRECATED_OBJC_IMPLEMENTATIONS = YES;
				CLANG_WARN_DIRECT_OBJC_ISA_USAGE = YES_ERROR;
				CLANG_WARN_DOCUMENTATION_COMMENTS = YES;
				CLANG_WARN_EMPTY_BODY = YES;
				CLANG_WARN_ENUM_CONVERSION = YES;
				CLANG_WARN_INFINITE_RECURSION = YES;
				CLANG_WARN_INT_CONVERSION = YES;
				CLANG_WARN_NON_LITERAL_NULL_CONVERSION = YES;
				CLANG_WARN_OBJC_IMPLICIT_RETAIN_SELF = YES;
				CLANG_WARN_OBJC_LITERAL_CONVERSION = YES;
				CLANG_WARN_OBJC_ROOT_CLASS = YES_ERROR;
				CLANG_WARN_QUOTED_INCLUDE_IN_FRAMEWORK_HEADER = YES;
				CLANG_WARN_RANGE_LOOP_ANALYSIS = YES;
				CLANG_WARN_STRICT_PROTOTYPES = YES;
				CLANG_WARN_SUSPICIOUS_MOVE = YES;
				CLANG_WARN_UNGUARDED_AVAILABILITY = YES_AGGRESSIVE;
				CLANG_WARN_UNREACHABLE_CODE = YES;
				CLANG_WARN__DUPLICATE_METHOD_MATCH = YES;
				COPY_PHASE_STRIP = NO;
				DEBUG_INFORMATION_FORMAT = dwarf;
				ENABLE_STRICT_OBJC_MSGSEND = YES;
				ENABLE_TESTABILITY = YES;
				ENABLE_USER_SCRIPT_SANDBOXING = YES;
				GCC_C_LANGUAGE_STANDARD = gnu17;
				GCC_DYNAMIC_NO_PIC = NO;
				GCC_NO_COMMON_BLOCKS = YES;
				GCC_OPTIMIZATION_LEVEL = 0;
				GCC_PREPROCESSOR_DEFINITIONS = (
					"DEBUG=1",
					"$(inherited)",
				);
				GCC_WARN_64_TO_32_BIT_CONVERSION = YES;
				GCC_WARN_ABOUT_RETURN_TYPE = YES_ERROR;
				GCC_WARN_UNDECLARED_SELECTOR = YES;
				GCC_WARN_UNINITIALIZED_AUTOS = YES_AGGRESSIVE;
				GCC_WARN_UNUSED_FUNCTION = YES;
				GCC_WARN_UNUSED_VARIABLE = YES;
				IPHONEOS_DEPLOYMENT_TARGET = 18.1;
				LOCALIZATION_PREFERS_STRING_CATALOGS = YES;
				MTL_ENABLE_DEBUG_INFO = INCLUDE_SOURCE;
				MTL_FAST_MATH = YES;
				ONLY_ACTIVE_ARCH = YES;
				SDKROOT = iphoneos;
				SWIFT_ACTIVE_COMPILATION_CONDITIONS = "DEBUG $(inherited)";
				SWIFT_OPTIMIZATION_LEVEL = "-Onone";
			};
			name = Debug;
		};
		4D38DAA92DADB58000888E60 /* Release */ = {
			isa = XCBuildConfiguration;
			buildSettings = {
				ALWAYS_SEARCH_USER_PATHS = NO;
				ASSETCATALOG_COMPILER_GENERATE_SWIFT_ASSET_SYMBOL_EXTENSIONS = YES;
				CLANG_ANALYZER_NONNULL = YES;
				CLANG_ANALYZER_NUMBER_OBJECT_CONVERSION = YES_AGGRESSIVE;
				CLANG_CXX_LANGUAGE_STANDARD = "gnu++20";
				CLANG_ENABLE_MODULES = YES;
				CLANG_ENABLE_OBJC_ARC = YES;
				CLANG_ENABLE_OBJC_WEAK = YES;
				CLANG_WARN_BLOCK_CAPTURE_AUTORELEASING = YES;
				CLANG_WARN_BOOL_CONVERSION = YES;
				CLANG_WARN_COMMA = YES;
				CLANG_WARN_CONSTANT_CONVERSION = YES;
				CLANG_WARN_DEPRECATED_OBJC_IMPLEMENTATIONS = YES;
				CLANG_WARN_DIRECT_OBJC_ISA_USAGE = YES_ERROR;
				CLANG_WARN_DOCUMENTATION_COMMENTS = YES;
				CLANG_WARN_EMPTY_BODY = YES;
				CLANG_WARN_ENUM_CONVERSION = YES;
				CLANG_WARN_INFINITE_RECURSION = YES;
				CLANG_WARN_INT_CONVERSION = YES;
				CLANG_WARN_NON_LITERAL_NULL_CONVERSION = YES;
				CLANG_WARN_OBJC_IMPLICIT_RETAIN_SELF = YES;
				CLANG_WARN_OBJC_LITERAL_CONVERSION = YES;
				CLANG_WARN_OBJC_ROOT_CLASS = YES_ERROR;
				CLANG_WARN_QUOTED_INCLUDE_IN_FRAMEWORK_HEADER = YES;
				CLANG_WARN_RANGE_LOOP_ANALYSIS = YES;
				CLANG_WARN_STRICT_PROTOTYPES = YES;
				CLANG_WARN_SUSPICIOUS_MOVE = YES;
				CLANG_WARN_UNGUARDED_AVAILABILITY = YES_AGGRESSIVE;
				CLANG_WARN_UNREACHABLE_CODE = YES;
				CLANG_WARN__DUPLICATE_METHOD_MATCH = YES;
				COPY_PHASE_STRIP = NO;
				DEBUG_INFORMATION_FORMAT = "dwarf-with-dsym";
				ENABLE_NS_ASSERTIONS = NO;
				ENABLE_STRICT_OBJC_MSGSEND = YES;
				ENABLE_USER_SCRIPT_SANDBOXING = YES;
				GCC_C_LANGUAGE_STANDARD = gnu17;
				GCC_NO_COMMON_BLOCKS = YES;
				GCC_WARN_64_TO_32_BIT_CONVERSION = YES;
				GCC_WARN_ABOUT_RETURN_TYPE = YES_ERROR;
				GCC_WARN_UNDECLARED_SELECTOR = YES;
				GCC_WARN_UNINITIALIZED_AUTOS = YES_AGGRESSIVE;
				GCC_WARN_UNUSED_FUNCTION = YES;
				GCC_WARN_UNUSED_VARIABLE = YES;
				IPHONEOS_DEPLOYMENT_TARGET = 18.1;
				LOCALIZATION_PREFERS_STRING_CATALOGS = YES;
				MTL_ENABLE_DEBUG_INFO = NO;
				MTL_FAST_MATH = YES;
				SDKROOT = iphoneos;
				SWIFT_COMPILATION_MODE = wholemodule;
				VALIDATE_PRODUCT = YES;
			};
			name = Release;
		};
		4DDA09902DAFED6500061BC8 /* Debug */ = {
			isa = XCBuildConfiguration;
			buildSettings = {
				BUNDLE_LOADER = "$(TEST_HOST)";
				CODE_SIGN_STYLE = Automatic;
				CURRENT_PROJECT_VERSION = 1;
				DEVELOPMENT_TEAM = 2QB89332G7;
				GENERATE_INFOPLIST_FILE = YES;
				MARKETING_VERSION = 1.0;
				PRODUCT_BUNDLE_IDENTIFIER = com.markostajic.PortfolioTests;
				PRODUCT_NAME = "$(TARGET_NAME)";
				SWIFT_EMIT_LOC_STRINGS = NO;
				SWIFT_VERSION = 5.0;
				TARGETED_DEVICE_FAMILY = "1,2";
				TEST_HOST = "$(BUILT_PRODUCTS_DIR)/Portfolio.app/$(BUNDLE_EXECUTABLE_FOLDER_PATH)/Portfolio";
			};
			name = Debug;
		};
		4DDA09912DAFED6500061BC8 /* Release */ = {
			isa = XCBuildConfiguration;
			buildSettings = {
				BUNDLE_LOADER = "$(TEST_HOST)";
				CODE_SIGN_STYLE = Automatic;
				CURRENT_PROJECT_VERSION = 1;
				DEVELOPMENT_TEAM = 2QB89332G7;
				GENERATE_INFOPLIST_FILE = YES;
				MARKETING_VERSION = 1.0;
				PRODUCT_BUNDLE_IDENTIFIER = com.markostajic.PortfolioTests;
				PRODUCT_NAME = "$(TARGET_NAME)";
				SWIFT_EMIT_LOC_STRINGS = NO;
				SWIFT_VERSION = 5.0;
				TARGETED_DEVICE_FAMILY = "1,2";
				TEST_HOST = "$(BUILT_PRODUCTS_DIR)/Portfolio.app/$(BUNDLE_EXECUTABLE_FOLDER_PATH)/Portfolio";
			};
			name = Release;
		};
/* End XCBuildConfiguration section */

/* Begin XCConfigurationList section */
		4D38DA772DADB57F00888E60 /* Build configuration list for PBXProject "Portfolio" */ = {
			isa = XCConfigurationList;
			buildConfigurations = (
				4D38DAA82DADB58000888E60 /* Debug */,
				4D38DAA92DADB58000888E60 /* Release */,
			);
			defaultConfigurationIsVisible = 0;
			defaultConfigurationName = Release;
		};
		4D38DAA52DADB58000888E60 /* Build configuration list for PBXNativeTarget "Portfolio" */ = {
			isa = XCConfigurationList;
			buildConfigurations = (
				4D38DAA62DADB58000888E60 /* Debug */,
				4D38DAA72DADB58000888E60 /* Release */,
			);
			defaultConfigurationIsVisible = 0;
			defaultConfigurationName = Release;
		};
		4DDA098F2DAFED6500061BC8 /* Build configuration list for PBXNativeTarget "PortfolioTests" */ = {
			isa = XCConfigurationList;
			buildConfigurations = (
				4DDA09902DAFED6500061BC8 /* Debug */,
				4DDA09912DAFED6500061BC8 /* Release */,
			);
			defaultConfigurationIsVisible = 0;
			defaultConfigurationName = Release;
		};
/* End XCConfigurationList section */

/* Begin XCRemoteSwiftPackageReference section */
		4DDBB7702DADBBBF00AF2D26 /* XCRemoteSwiftPackageReference "RxSwift" */ = {
			isa = XCRemoteSwiftPackageReference;
			repositoryURL = "https://github.com/ReactiveX/RxSwift";
			requirement = {
				kind = upToNextMajorVersion;
				minimumVersion = 6.9.0;
			};
		};
/* End XCRemoteSwiftPackageReference section */

/* Begin XCSwiftPackageProductDependency section */
		4D184A652DADBCAA0084B403 /* RxSwift */ = {
			isa = XCSwiftPackageProductDependency;
			package = 4DDBB7702DADBBBF00AF2D26 /* XCRemoteSwiftPackageReference "RxSwift" */;
			productName = RxSwift;
		};
		4D184A732DADBED70084B403 /* RxCocoa */ = {
			isa = XCSwiftPackageProductDependency;
			package = 4DDBB7702DADBBBF00AF2D26 /* XCRemoteSwiftPackageReference "RxSwift" */;
			productName = RxCocoa;
		};
		4DDA09992DAFEDB700061BC8 /* RxBlocking */ = {
			isa = XCSwiftPackageProductDependency;
			package = 4DDBB7702DADBBBF00AF2D26 /* XCRemoteSwiftPackageReference "RxSwift" */;
			productName = RxBlocking;
		};
		4DDA099B2DAFEDB700061BC8 /* RxTest */ = {
			isa = XCSwiftPackageProductDependency;
			package = 4DDBB7702DADBBBF00AF2D26 /* XCRemoteSwiftPackageReference "RxSwift" */;
			productName = RxTest;
		};
/* End XCSwiftPackageProductDependency section */
	};
	rootObject = 4D38DA742DADB57F00888E60 /* Project object */;
}
